
Microsoft Visual Studio Solution File, Format Version 12.00
# Visual Studio Version 16
VisualStudioVersion = 16.0.31911.196
MinimumVisualStudioVersion = 10.0.40219.1
Project("{9A19103F-16F7-4668-BE54-9A1E7A4F7556}") = "BL", "BL\BL.csproj", "{D8B36EE5-4534-47E6-B0E4-2E04D79FADAC}"
EndProject
Project("{9A19103F-16F7-4668-BE54-9A1E7A4F7556}") = "DL", "DL\DL.csproj", "{BAA4764C-7DAB-4EA0-AEAC-26302D937296}"
EndProject
Project("{9A19103F-16F7-4668-BE54-9A1E7A4F7556}") = "HELPER", "HELPER\HELPER.csproj", "{0F31746C-F4C8-4161-AD43-8D0AB3D1D245}"
EndProject
Project("{9A19103F-16F7-4668-BE54-9A1E7A4F7556}") = "LoggerService", "LoggerService\LoggerService.csproj", "{4F5CBAD5-1EBA-4270-9C94-24F0B52625C6}"
EndProject
Project("{9A19103F-16F7-4668-BE54-9A1E7A4F7556}") = "NutrishaAPI", "NutrishaAPI\NutrishaAPI.csproj", "{5C27FCDB-1AFF-4D8F-93E2-5D47D84F64FF}"
EndProject
Global
	GlobalSection(SolutionConfigurationPlatforms) = preSolution
		Debug|Any CPU = Debug|Any CPU
		Release|Any CPU = Release|Any CPU
	EndGlobalSection
	GlobalSection(ProjectConfigurationPlatforms) = postSolution
		{D8B36EE5-4534-47E6-B0E4-2E04D79FADAC}.Debug|Any CPU.ActiveCfg = Debug|Any CPU
		{D8B36EE5-4534-47E6-B0E4-2E04D79FADAC}.Debug|Any CPU.Build.0 = Debug|Any CPU
		{D8B36EE5-4534-47E6-B0E4-2E04D79FADAC}.Release|Any CPU.ActiveCfg = Release|Any CPU
		{D8B36EE5-4534-47E6-B0E4-2E04D79FADAC}.Release|Any CPU.Build.0 = Release|Any CPU
		{BAA4764C-7DAB-4EA0-AEAC-26302D937296}.Debug|Any CPU.ActiveCfg = Debug|Any CPU
		{BAA4764C-7DAB-4EA0-AEAC-26302D937296}.Debug|Any CPU.Build.0 = Debug|Any CPU
		{BAA4764C-7DAB-4EA0-AEAC-26302D937296}.Release|Any CPU.ActiveCfg = Release|Any CPU
		{BAA4764C-7DAB-4EA0-AEAC-26302D937296}.Release|Any CPU.Build.0 = Release|Any CPU
		{0F31746C-F4C8-4161-AD43-8D0AB3D1D245}.Debug|Any CPU.ActiveCfg = Debug|Any CPU
		{0F31746C-F4C8-4161-AD43-8D0AB3D1D245}.Debug|Any CPU.Build.0 = Debug|Any CPU
		{0F31746C-F4C8-4161-AD43-8D0AB3D1D245}.Release|Any CPU.ActiveCfg = Release|Any CPU
		{0F31746C-F4C8-4161-AD43-8D0AB3D1D245}.Release|Any CPU.Build.0 = Release|Any CPU
		{4F5CBAD5-1EBA-4270-9C94-24F0B52625C6}.Debug|Any CPU.ActiveCfg = Debug|Any CPU
		{4F5CBAD5-1EBA-4270-9C94-24F0B52625C6}.Debug|Any CPU.Build.0 = Debug|Any CPU
		{4F5CBAD5-1EBA-4270-9C94-24F0B52625C6}.Release|Any CPU.ActiveCfg = Release|Any CPU
		{4F5CBAD5-1EBA-4270-9C94-24F0B52625C6}.Release|Any CPU.Build.0 = Release|Any CPU
		{5C27FCDB-1AFF-4D8F-93E2-5D47D84F64FF}.Debug|Any CPU.ActiveCfg = Debug|Any CPU
		{5C27FCDB-1AFF-4D8F-93E2-5D47D84F64FF}.Debug|Any CPU.Build.0 = Debug|Any CPU
		{5C27FCDB-1AFF-4D8F-93E2-5D47D84F64FF}.Release|Any CPU.ActiveCfg = Release|Any CPU
		{5C27FCDB-1AFF-4D8F-93E2-5D47D84F64FF}.Release|Any CPU.Build.0 = Release|Any CPU
	EndGlobalSection
	GlobalSection(SolutionProperties) = preSolution
		HideSolutionNode = FALSE
	EndGlobalSection
	GlobalSection(ExtensibilityGlobals) = postSolution
		SolutionGuid = {4E432A36-8AA7-4277-91DD-9F25639E1AE5}
	EndGlobalSection
EndGlobal
